
Microsoft Visual Studio Solution File, Format Version 12.00
# Visual Studio Version 16
VisualStudioVersion = 16.0.31624.102
MinimumVisualStudioVersion = 10.0.40219.1
Project("{FAE04EC0-301F-11D3-BF4B-00C04F79EFBC}") = "TechProject3", "TechProject3.csproj", "{5384EE52-C652-43EC-B19E-98B4FDE756FA}"
EndProject
Global
	GlobalSection(SolutionConfigurationPlatforms) = preSolution
		Debug|Any CPU = Debug|Any CPU
		Release|Any CPU = Release|Any CPU
	EndGlobalSection
	GlobalSection(ProjectConfigurationPlatforms) = postSolution
		{5384EE52-C652-43EC-B19E-98B4FDE756FA}.Debug|Any CPU.ActiveCfg = Debug|Any CPU
		{5384EE52-C652-43EC-B19E-98B4FDE756FA}.Debug|Any CPU.Build.0 = Debug|Any CPU
		{5384EE52-C652-43EC-B19E-98B4FDE756FA}.Release|Any CPU.ActiveCfg = Release|Any CPU
		{5384EE52-C652-43EC-B19E-98B4FDE756FA}.Release|Any CPU.Build.0 = Release|Any CPU
	EndGlobalSection
	GlobalSection(SolutionProperties) = preSolution
		HideSolutionNode = FALSE
	EndGlobalSection
	GlobalSection(ExtensibilityGlobals) = postSolution
		SolutionGuid = {19DB34DD-ACD6-477B-913C-9036DB3A7534}
	EndGlobalSection
EndGlobal
